
Microsoft Visual Studio Solution File, Format Version 12.00
# Visual Studio 14
VisualStudioVersion = 14.0.24720.0
MinimumVisualStudioVersion = 10.0.40219.1
Project("{FAE04EC0-301F-11D3-BF4B-00C04F79EFBC}") = "CalbucciLib.ExtensionsGalore", "CalbucciLib.ExtensionsGalore\CalbucciLib.ExtensionsGalore.csproj", "{189B90FB-0139-4F0B-9852-6E360A0DB762}"
EndProject
Project("{FAE04EC0-301F-11D3-BF4B-00C04F79EFBC}") = "CalbucciLib.ExtensionsGalore.Tests", "CalbucciLib.ExtensionsGalore.Tests\CalbucciLib.ExtensionsGalore.Tests.csproj", "{C0FC32B9-DFBC-4485-B504-3512F599D52F}"
EndProject
Project("{2150E333-8FDC-42A3-9474-1A3956D46DE8}") = "Solution Items", "Solution Items", "{C0986823-516B-4363-B645-1AC68298F997}"
	ProjectSection(SolutionItems) = preProject
		..\README.md = ..\README.md
	EndProjectSection
EndProject
Global
	GlobalSection(SolutionConfigurationPlatforms) = preSolution
		Debug|Any CPU = Debug|Any CPU
		Release|Any CPU = Release|Any CPU
	EndGlobalSection
	GlobalSection(ProjectConfigurationPlatforms) = postSolution
		{189B90FB-0139-4F0B-9852-6E360A0DB762}.Debug|Any CPU.ActiveCfg = Debug|Any CPU
		{189B90FB-0139-4F0B-9852-6E360A0DB762}.Debug|Any CPU.Build.0 = Debug|Any CPU
		{189B90FB-0139-4F0B-9852-6E360A0DB762}.Release|Any CPU.ActiveCfg = Release|Any CPU
		{189B90FB-0139-4F0B-9852-6E360A0DB762}.Release|Any CPU.Build.0 = Release|Any CPU
		{C0FC32B9-DFBC-4485-B504-3512F599D52F}.Debug|Any CPU.ActiveCfg = Debug|Any CPU
		{C0FC32B9-DFBC-4485-B504-3512F599D52F}.Debug|Any CPU.Build.0 = Debug|Any CPU
		{C0FC32B9-DFBC-4485-B504-3512F599D52F}.Release|Any CPU.ActiveCfg = Release|Any CPU
		{C0FC32B9-DFBC-4485-B504-3512F599D52F}.Release|Any CPU.Build.0 = Release|Any CPU
	EndGlobalSection
	GlobalSection(SolutionProperties) = preSolution
		HideSolutionNode = FALSE
	EndGlobalSection
EndGlobal
